
Microsoft Visual Studio Solution File, Format Version 12.00
# Visual Studio Version 16
VisualStudioVersion = 16.0.31624.102
MinimumVisualStudioVersion = 10.0.40219.1
Project("{8BC9CEB8-8B4A-11D0-8D11-00A0C91BC942}") = "Ch01", "Ch01.vcxproj", "{5343D526-2985-4AF4-B152-2B8BD5DC9BDB}"
EndProject
Global
	GlobalSection(SolutionConfigurationPlatforms) = preSolution
		Debug|x64 = Debug|x64
		Debug|x86 = Debug|x86
		Release|x64 = Release|x64
		Release|x86 = Release|x86
	EndGlobalSection
	GlobalSection(ProjectConfigurationPlatforms) = postSolution
		{5343D526-2985-4AF4-B152-2B8BD5DC9BDB}.Debug|x64.ActiveCfg = Debug|x64
		{5343D526-2985-4AF4-B152-2B8BD5DC9BDB}.Debug|x64.Build.0 = Debug|x64
		{5343D526-2985-4AF4-B152-2B8BD5DC9BDB}.Debug|x86.ActiveCfg = Debug|Win32
		{5343D526-2985-4AF4-B152-2B8BD5DC9BDB}.Debug|x86.Build.0 = Debug|Win32
		{5343D526-2985-4AF4-B152-2B8BD5DC9BDB}.Release|x64.ActiveCfg = Release|x64
		{5343D526-2985-4AF4-B152-2B8BD5DC9BDB}.Release|x64.Build.0 = Release|x64
		{5343D526-2985-4AF4-B152-2B8BD5DC9BDB}.Release|x86.ActiveCfg = Release|Win32
		{5343D526-2985-4AF4-B152-2B8BD5DC9BDB}.Release|x86.Build.0 = Release|Win32
	EndGlobalSection
	GlobalSection(SolutionProperties) = preSolution
		HideSolutionNode = FALSE
	EndGlobalSection
	GlobalSection(ExtensibilityGlobals) = postSolution
		SolutionGuid = {9975CF34-9D5E-447A-99FC-360F79338DAE}
	EndGlobalSection
EndGlobal
