
Microsoft Visual Studio Solution File, Format Version 12.00
# Visual Studio Version 16
VisualStudioVersion = 16.0.30413.136
MinimumVisualStudioVersion = 10.0.40219.1
Project("{8BC9CEB8-8B4A-11D0-8D11-00A0C91BC942}") = "Chapter10", "Chapter10.vcxproj", "{282592CB-D64E-48B3-971F-A127E9759BB5}"
EndProject
Global
	GlobalSection(SolutionConfigurationPlatforms) = preSolution
		Debug|x64 = Debug|x64
		Debug|x86 = Debug|x86
		Release|x64 = Release|x64
		Release|x86 = Release|x86
	EndGlobalSection
	GlobalSection(ProjectConfigurationPlatforms) = postSolution
		{282592CB-D64E-48B3-971F-A127E9759BB5}.Debug|x64.ActiveCfg = Debug|x64
		{282592CB-D64E-48B3-971F-A127E9759BB5}.Debug|x64.Build.0 = Debug|x64
		{282592CB-D64E-48B3-971F-A127E9759BB5}.Debug|x86.ActiveCfg = Debug|Win32
		{282592CB-D64E-48B3-971F-A127E9759BB5}.Debug|x86.Build.0 = Debug|Win32
		{282592CB-D64E-48B3-971F-A127E9759BB5}.Release|x64.ActiveCfg = Release|x64
		{282592CB-D64E-48B3-971F-A127E9759BB5}.Release|x64.Build.0 = Release|x64
		{282592CB-D64E-48B3-971F-A127E9759BB5}.Release|x86.ActiveCfg = Release|Win32
		{282592CB-D64E-48B3-971F-A127E9759BB5}.Release|x86.Build.0 = Release|Win32
	EndGlobalSection
	GlobalSection(SolutionProperties) = preSolution
		HideSolutionNode = FALSE
	EndGlobalSection
	GlobalSection(ExtensibilityGlobals) = postSolution
		SolutionGuid = {5E8A679F-DCE4-46C1-A9A8-7757DF762491}
	EndGlobalSection
EndGlobal
